
Microsoft Visual Studio Solution File, Format Version 12.00
# Visual Studio Version 17
VisualStudioVersion = 17.0.31903.59
MinimumVisualStudioVersion = 10.0.40219.1
Project("{2150E333-8FDC-42A3-9474-1A3956D46DE8}") = "src", "src", "{827E0CD3-B72D-47B6-A68D-7590B98EB39B}"
EndProject
Project("{F2A71F9B-5D33-465A-A702-920D77279786}") = "VDA.System", "src\VDA.System\VDA.System.fsproj", "{28AE8A74-D037-4139-BDBC-3BA670F1319F}"
EndProject
Project("{F2A71F9B-5D33-465A-A702-920D77279786}") = "VDA.UI", "src\VDA.UI\VDA.UI.fsproj", "{84382AB5-E0DE-4DFE-A204-94944353C405}"
EndProject
Project("{F2A71F9B-5D33-465A-A702-920D77279786}") = "VDA.main", "src\VDA.main\VDA.main.fsproj", "{B56220D3-1452-41DC-AAB2-F3A6053B96AD}"
EndProject
Global
	GlobalSection(SolutionConfigurationPlatforms) = preSolution
		Debug|Any CPU = Debug|Any CPU
		Debug|x64 = Debug|x64
		Debug|x86 = Debug|x86
		Release|Any CPU = Release|Any CPU
		Release|x64 = Release|x64
		Release|x86 = Release|x86
	EndGlobalSection
	GlobalSection(ProjectConfigurationPlatforms) = postSolution
		{28AE8A74-D037-4139-BDBC-3BA670F1319F}.Debug|Any CPU.ActiveCfg = Debug|Any CPU
		{28AE8A74-D037-4139-BDBC-3BA670F1319F}.Debug|Any CPU.Build.0 = Debug|Any CPU
		{28AE8A74-D037-4139-BDBC-3BA670F1319F}.Debug|x64.ActiveCfg = Debug|Any CPU
		{28AE8A74-D037-4139-BDBC-3BA670F1319F}.Debug|x64.Build.0 = Debug|Any CPU
		{28AE8A74-D037-4139-BDBC-3BA670F1319F}.Debug|x86.ActiveCfg = Debug|Any CPU
		{28AE8A74-D037-4139-BDBC-3BA670F1319F}.Debug|x86.Build.0 = Debug|Any CPU
		{28AE8A74-D037-4139-BDBC-3BA670F1319F}.Release|Any CPU.ActiveCfg = Release|Any CPU
		{28AE8A74-D037-4139-BDBC-3BA670F1319F}.Release|Any CPU.Build.0 = Release|Any CPU
		{28AE8A74-D037-4139-BDBC-3BA670F1319F}.Release|x64.ActiveCfg = Release|Any CPU
		{28AE8A74-D037-4139-BDBC-3BA670F1319F}.Release|x64.Build.0 = Release|Any CPU
		{28AE8A74-D037-4139-BDBC-3BA670F1319F}.Release|x86.ActiveCfg = Release|Any CPU
		{28AE8A74-D037-4139-BDBC-3BA670F1319F}.Release|x86.Build.0 = Release|Any CPU
		{84382AB5-E0DE-4DFE-A204-94944353C405}.Debug|Any CPU.ActiveCfg = Debug|Any CPU
		{84382AB5-E0DE-4DFE-A204-94944353C405}.Debug|Any CPU.Build.0 = Debug|Any CPU
		{84382AB5-E0DE-4DFE-A204-94944353C405}.Debug|x64.ActiveCfg = Debug|Any CPU
		{84382AB5-E0DE-4DFE-A204-94944353C405}.Debug|x64.Build.0 = Debug|Any CPU
		{84382AB5-E0DE-4DFE-A204-94944353C405}.Debug|x86.ActiveCfg = Debug|Any CPU
		{84382AB5-E0DE-4DFE-A204-94944353C405}.Debug|x86.Build.0 = Debug|Any CPU
		{84382AB5-E0DE-4DFE-A204-94944353C405}.Release|Any CPU.ActiveCfg = Release|Any CPU
		{84382AB5-E0DE-4DFE-A204-94944353C405}.Release|Any CPU.Build.0 = Release|Any CPU
		{84382AB5-E0DE-4DFE-A204-94944353C405}.Release|x64.ActiveCfg = Release|Any CPU
		{84382AB5-E0DE-4DFE-A204-94944353C405}.Release|x64.Build.0 = Release|Any CPU
		{84382AB5-E0DE-4DFE-A204-94944353C405}.Release|x86.ActiveCfg = Release|Any CPU
		{84382AB5-E0DE-4DFE-A204-94944353C405}.Release|x86.Build.0 = Release|Any CPU
		{B56220D3-1452-41DC-AAB2-F3A6053B96AD}.Debug|Any CPU.ActiveCfg = Debug|Any CPU
		{B56220D3-1452-41DC-AAB2-F3A6053B96AD}.Debug|Any CPU.Build.0 = Debug|Any CPU
		{B56220D3-1452-41DC-AAB2-F3A6053B96AD}.Debug|x64.ActiveCfg = Debug|Any CPU
		{B56220D3-1452-41DC-AAB2-F3A6053B96AD}.Debug|x64.Build.0 = Debug|Any CPU
		{B56220D3-1452-41DC-AAB2-F3A6053B96AD}.Debug|x86.ActiveCfg = Debug|Any CPU
		{B56220D3-1452-41DC-AAB2-F3A6053B96AD}.Debug|x86.Build.0 = Debug|Any CPU
		{B56220D3-1452-41DC-AAB2-F3A6053B96AD}.Release|Any CPU.ActiveCfg = Release|Any CPU
		{B56220D3-1452-41DC-AAB2-F3A6053B96AD}.Release|Any CPU.Build.0 = Release|Any CPU
		{B56220D3-1452-41DC-AAB2-F3A6053B96AD}.Release|x64.ActiveCfg = Release|Any CPU
		{B56220D3-1452-41DC-AAB2-F3A6053B96AD}.Release|x64.Build.0 = Release|Any CPU
		{B56220D3-1452-41DC-AAB2-F3A6053B96AD}.Release|x86.ActiveCfg = Release|Any CPU
		{B56220D3-1452-41DC-AAB2-F3A6053B96AD}.Release|x86.Build.0 = Release|Any CPU
	EndGlobalSection
	GlobalSection(SolutionProperties) = preSolution
		HideSolutionNode = FALSE
	EndGlobalSection
	GlobalSection(NestedProjects) = preSolution
		{28AE8A74-D037-4139-BDBC-3BA670F1319F} = {827E0CD3-B72D-47B6-A68D-7590B98EB39B}
		{84382AB5-E0DE-4DFE-A204-94944353C405} = {827E0CD3-B72D-47B6-A68D-7590B98EB39B}
		{B56220D3-1452-41DC-AAB2-F3A6053B96AD} = {827E0CD3-B72D-47B6-A68D-7590B98EB39B}
	EndGlobalSection
EndGlobal
